
Microsoft Visual Studio Solution File, Format Version 12.00
# Visual Studio Version 17
VisualStudioVersion = 17.6.33829.357
MinimumVisualStudioVersion = 10.0.40219.1
Project("{FAE04EC0-301F-11D3-BF4B-00C04F79EFBC}") = "AZ-APP-RICHI-2", "AZ-APP-RICHI-2\AZ-APP-RICHI-2.csproj", "{A49B9E87-117E-4DC2-812B-A8AC07808D90}"
EndProject
Global
	GlobalSection(SolutionConfigurationPlatforms) = preSolution
		Debug|Any CPU = Debug|Any CPU
		Release|Any CPU = Release|Any CPU
	EndGlobalSection
	GlobalSection(ProjectConfigurationPlatforms) = postSolution
		{A49B9E87-117E-4DC2-812B-A8AC07808D90}.Debug|Any CPU.ActiveCfg = Debug|Any CPU
		{A49B9E87-117E-4DC2-812B-A8AC07808D90}.Debug|Any CPU.Build.0 = Debug|Any CPU
		{A49B9E87-117E-4DC2-812B-A8AC07808D90}.Release|Any CPU.ActiveCfg = Release|Any CPU
		{A49B9E87-117E-4DC2-812B-A8AC07808D90}.Release|Any CPU.Build.0 = Release|Any CPU
	EndGlobalSection
	GlobalSection(SolutionProperties) = preSolution
		HideSolutionNode = FALSE
	EndGlobalSection
	GlobalSection(ExtensibilityGlobals) = postSolution
		SolutionGuid = {2F543691-B029-46CF-BDE8-5547DCF3F913}
	EndGlobalSection
EndGlobal
